
Microsoft Visual Studio Solution File, Format Version 12.00
# Visual Studio 14
VisualStudioVersion = 14.0.25420.1
MinimumVisualStudioVersion = 10.0.40219.1
Project("{8BB2217D-0F2D-49D1-97BC-3654ED321F3B}") = "Nofdev.Core", "..\src\Nofdev.Core\Nofdev.Core.xproj", "{ACAA3410-2C19-4BBF-8AA3-D3A8522FEDBC}"
EndProject
Project("{8BB2217D-0F2D-49D1-97BC-3654ED321F3B}") = "Nofdev.Logging.NLog", "..\src\Nofdev.Logging.NLog\Nofdev.Logging.NLog.xproj", "{B1687DE9-5638-49AE-BD34-A27A8D6DF931}"
EndProject
Project("{8BB2217D-0F2D-49D1-97BC-3654ED321F3B}") = "Nofdev.Server", "..\src\Nofdev.Server\Nofdev.Server.xproj", "{7CE3E13D-A884-4E65-961F-04A87652151C}"
EndProject
Project("{8BB2217D-0F2D-49D1-97BC-3654ED321F3B}") = "Nofdev.Client", "..\src\Nofdev.Client\Nofdev.Client.xproj", "{3E01DC65-9B5C-45FC-BAC9-1AA4A56456B4}"
EndProject
Project("{8BB2217D-0F2D-49D1-97BC-3654ED321F3B}") = "Nofdev.Repository.EntityFramework", "..\src\Nofdev.Repository.EntityFramework\Nofdev.Repository.EntityFramework.xproj", "{E5727C21-0153-47C0-A5E2-E1BEEFC73EF1}"
EndProject
Project("{2150E333-8FDC-42A3-9474-1A3956D46DE8}") = "src", "src", "{EF678017-E58C-42F5-B9A1-02B2CFC85A0B}"
EndProject
Project("{8BB2217D-0F2D-49D1-97BC-3654ED321F3B}") = "Nofdev.Sample", "Nofdev.Sample\Nofdev.Sample.xproj", "{31543DDC-64DD-47BD-95AA-F60907BE80D9}"
EndProject
Project("{2150E333-8FDC-42A3-9474-1A3956D46DE8}") = "Solution Items", "Solution Items", "{3AA128EE-1DC5-4A3B-B320-1E3FCB4B8C2E}"
	ProjectSection(SolutionItems) = preProject
		global.json = global.json
	EndProjectSection
EndProject
Global
	GlobalSection(SolutionConfigurationPlatforms) = preSolution
		Debug|Any CPU = Debug|Any CPU
		Release|Any CPU = Release|Any CPU
	EndGlobalSection
	GlobalSection(ProjectConfigurationPlatforms) = postSolution
		{ACAA3410-2C19-4BBF-8AA3-D3A8522FEDBC}.Debug|Any CPU.ActiveCfg = Debug|Any CPU
		{ACAA3410-2C19-4BBF-8AA3-D3A8522FEDBC}.Debug|Any CPU.Build.0 = Debug|Any CPU
		{ACAA3410-2C19-4BBF-8AA3-D3A8522FEDBC}.Release|Any CPU.ActiveCfg = Release|Any CPU
		{ACAA3410-2C19-4BBF-8AA3-D3A8522FEDBC}.Release|Any CPU.Build.0 = Release|Any CPU
		{B1687DE9-5638-49AE-BD34-A27A8D6DF931}.Debug|Any CPU.ActiveCfg = Debug|Any CPU
		{B1687DE9-5638-49AE-BD34-A27A8D6DF931}.Debug|Any CPU.Build.0 = Debug|Any CPU
		{B1687DE9-5638-49AE-BD34-A27A8D6DF931}.Release|Any CPU.ActiveCfg = Release|Any CPU
		{B1687DE9-5638-49AE-BD34-A27A8D6DF931}.Release|Any CPU.Build.0 = Release|Any CPU
		{7CE3E13D-A884-4E65-961F-04A87652151C}.Debug|Any CPU.ActiveCfg = Debug|Any CPU
		{7CE3E13D-A884-4E65-961F-04A87652151C}.Debug|Any CPU.Build.0 = Debug|Any CPU
		{7CE3E13D-A884-4E65-961F-04A87652151C}.Release|Any CPU.ActiveCfg = Release|Any CPU
		{7CE3E13D-A884-4E65-961F-04A87652151C}.Release|Any CPU.Build.0 = Release|Any CPU
		{3E01DC65-9B5C-45FC-BAC9-1AA4A56456B4}.Debug|Any CPU.ActiveCfg = Debug|Any CPU
		{3E01DC65-9B5C-45FC-BAC9-1AA4A56456B4}.Debug|Any CPU.Build.0 = Debug|Any CPU
		{3E01DC65-9B5C-45FC-BAC9-1AA4A56456B4}.Release|Any CPU.ActiveCfg = Release|Any CPU
		{3E01DC65-9B5C-45FC-BAC9-1AA4A56456B4}.Release|Any CPU.Build.0 = Release|Any CPU
		{E5727C21-0153-47C0-A5E2-E1BEEFC73EF1}.Debug|Any CPU.ActiveCfg = Debug|Any CPU
		{E5727C21-0153-47C0-A5E2-E1BEEFC73EF1}.Debug|Any CPU.Build.0 = Debug|Any CPU
		{E5727C21-0153-47C0-A5E2-E1BEEFC73EF1}.Release|Any CPU.ActiveCfg = Release|Any CPU
		{E5727C21-0153-47C0-A5E2-E1BEEFC73EF1}.Release|Any CPU.Build.0 = Release|Any CPU
		{31543DDC-64DD-47BD-95AA-F60907BE80D9}.Debug|Any CPU.ActiveCfg = Debug|Any CPU
		{31543DDC-64DD-47BD-95AA-F60907BE80D9}.Debug|Any CPU.Build.0 = Debug|Any CPU
		{31543DDC-64DD-47BD-95AA-F60907BE80D9}.Release|Any CPU.ActiveCfg = Release|Any CPU
		{31543DDC-64DD-47BD-95AA-F60907BE80D9}.Release|Any CPU.Build.0 = Release|Any CPU
	EndGlobalSection
	GlobalSection(SolutionProperties) = preSolution
		HideSolutionNode = FALSE
	EndGlobalSection
	GlobalSection(NestedProjects) = preSolution
		{ACAA3410-2C19-4BBF-8AA3-D3A8522FEDBC} = {EF678017-E58C-42F5-B9A1-02B2CFC85A0B}
		{B1687DE9-5638-49AE-BD34-A27A8D6DF931} = {EF678017-E58C-42F5-B9A1-02B2CFC85A0B}
		{7CE3E13D-A884-4E65-961F-04A87652151C} = {EF678017-E58C-42F5-B9A1-02B2CFC85A0B}
		{3E01DC65-9B5C-45FC-BAC9-1AA4A56456B4} = {EF678017-E58C-42F5-B9A1-02B2CFC85A0B}
		{E5727C21-0153-47C0-A5E2-E1BEEFC73EF1} = {EF678017-E58C-42F5-B9A1-02B2CFC85A0B}
	EndGlobalSection
EndGlobal
